// !$*UTF8*$!
{
	archiveVersion = 1;
	classes = {
	};
	objectVersion = 46;
	objects = {

/* Begin PBXBuildFile section */
		6CAF9CE51F092520009787BE /* AppDelegate.swift in Sources */ = {isa = PBXBuildFile; fileRef = 6CAF9CE41F092520009787BE /* AppDelegate.swift */; };
		6CAF9CE71F092520009787BE /* ViewController.swift in Sources */ = {isa = PBXBuildFile; fileRef = 6CAF9CE61F092520009787BE /* ViewController.swift */; };
		6CAF9CEA1F092520009787BE /* Main.storyboard in Resources */ = {isa = PBXBuildFile; fileRef = 6CAF9CE81F092520009787BE /* Main.storyboard */; };
		6CAF9CEC1F092520009787BE /* Assets.xcassets in Resources */ = {isa = PBXBuildFile; fileRef = 6CAF9CEB1F092520009787BE /* Assets.xcassets */; };
		6CAF9CEF1F092520009787BE /* LaunchScreen.storyboard in Resources */ = {isa = PBXBuildFile; fileRef = 6CAF9CED1F092520009787BE /* LaunchScreen.storyboard */; };
		6CAF9CFA1F092520009787BE /* texasTests.swift in Sources */ = {isa = PBXBuildFile; fileRef = 6CAF9CF91F092520009787BE /* texasTests.swift */; };
		6CAF9D051F092520009787BE /* texasUITests.swift in Sources */ = {isa = PBXBuildFile; fileRef = 6CAF9D041F092520009787BE /* texasUITests.swift */; };
		6CAF9D311F092D34009787BE /* AsyncButton.swift in Sources */ = {isa = PBXBuildFile; fileRef = 6CAF9D131F092D34009787BE /* AsyncButton.swift */; };
		6CAF9D321F092D34009787BE /* AsyncImageView.swift in Sources */ = {isa = PBXBuildFile; fileRef = 6CAF9D141F092D34009787BE /* AsyncImageView.swift */; };
		6CAF9D331F092D34009787BE /* AutoTextView.swift in Sources */ = {isa = PBXBuildFile; fileRef = 6CAF9D151F092D34009787BE /* AutoTextView.swift */; };
		6CAF9D341F092D34009787BE /* BlurView.swift in Sources */ = {isa = PBXBuildFile; fileRef = 6CAF9D161F092D34009787BE /* BlurView.swift */; };
		6CAF9D351F092D34009787BE /* DesignableButton.swift in Sources */ = {isa = PBXBuildFile; fileRef = 6CAF9D171F092D34009787BE /* DesignableButton.swift */; };
		6CAF9D361F092D34009787BE /* DesignableImageView.swift in Sources */ = {isa = PBXBuildFile; fileRef = 6CAF9D181F092D34009787BE /* DesignableImageView.swift */; };
		6CAF9D371F092D34009787BE /* DesignableLabel.swift in Sources */ = {isa = PBXBuildFile; fileRef = 6CAF9D191F092D34009787BE /* DesignableLabel.swift */; };
		6CAF9D381F092D34009787BE /* DesignableTabBarController.swift in Sources */ = {isa = PBXBuildFile; fileRef = 6CAF9D1A1F092D34009787BE /* DesignableTabBarController.swift */; };
		6CAF9D391F092D34009787BE /* DesignableTextField.swift in Sources */ = {isa = PBXBuildFile; fileRef = 6CAF9D1B1F092D34009787BE /* DesignableTextField.swift */; };
		6CAF9D3A1F092D34009787BE /* DesignableTextView.swift in Sources */ = {isa = PBXBuildFile; fileRef = 6CAF9D1C1F092D34009787BE /* DesignableTextView.swift */; };
		6CAF9D3B1F092D34009787BE /* DesignableView.swift in Sources */ = {isa = PBXBuildFile; fileRef = 6CAF9D1D1F092D34009787BE /* DesignableView.swift */; };
		6CAF9D3C1F092D34009787BE /* ImageLoader.swift in Sources */ = {isa = PBXBuildFile; fileRef = 6CAF9D1E1F092D34009787BE /* ImageLoader.swift */; };
		6CAF9D3D1F092D34009787BE /* Info.plist in Resources */ = {isa = PBXBuildFile; fileRef = 6CAF9D1F1F092D34009787BE /* Info.plist */; };
		6CAF9D3E1F092D34009787BE /* KeyboardLayoutConstraint.swift in Sources */ = {isa = PBXBuildFile; fileRef = 6CAF9D201F092D34009787BE /* KeyboardLayoutConstraint.swift */; };
		6CAF9D3F1F092D34009787BE /* LoadingView.swift in Sources */ = {isa = PBXBuildFile; fileRef = 6CAF9D211F092D34009787BE /* LoadingView.swift */; };
		6CAF9D401F092D34009787BE /* LoadingView.xib in Resources */ = {isa = PBXBuildFile; fileRef = 6CAF9D221F092D34009787BE /* LoadingView.xib */; };
		6CAF9D411F092D34009787BE /* Misc.swift in Sources */ = {isa = PBXBuildFile; fileRef = 6CAF9D231F092D34009787BE /* Misc.swift */; };
		6CAF9D421F092D34009787BE /* SoundPlayer.swift in Sources */ = {isa = PBXBuildFile; fileRef = 6CAF9D241F092D34009787BE /* SoundPlayer.swift */; };
		6CAF9D431F092D34009787BE /* Spring.swift in Sources */ = {isa = PBXBuildFile; fileRef = 6CAF9D261F092D34009787BE /* Spring.swift */; };
		6CAF9D441F092D34009787BE /* SpringAnimation.swift in Sources */ = {isa = PBXBuildFile; fileRef = 6CAF9D271F092D34009787BE /* SpringAnimation.swift */; };
		6CAF9D451F092D34009787BE /* SpringButton.swift in Sources */ = {isa = PBXBuildFile; fileRef = 6CAF9D281F092D34009787BE /* SpringButton.swift */; };
		6CAF9D461F092D34009787BE /* SpringImageView.swift in Sources */ = {isa = PBXBuildFile; fileRef = 6CAF9D291F092D34009787BE /* SpringImageView.swift */; };
		6CAF9D471F092D34009787BE /* SpringLabel.swift in Sources */ = {isa = PBXBuildFile; fileRef = 6CAF9D2A1F092D34009787BE /* SpringLabel.swift */; };
		6CAF9D481F092D34009787BE /* SpringTextField.swift in Sources */ = {isa = PBXBuildFile; fileRef = 6CAF9D2B1F092D34009787BE /* SpringTextField.swift */; };
		6CAF9D491F092D34009787BE /* SpringTextView.swift in Sources */ = {isa = PBXBuildFile; fileRef = 6CAF9D2C1F092D34009787BE /* SpringTextView.swift */; };
		6CAF9D4A1F092D34009787BE /* SpringView.swift in Sources */ = {isa = PBXBuildFile; fileRef = 6CAF9D2D1F092D34009787BE /* SpringView.swift */; };
		6CAF9D4B1F092D34009787BE /* TransitionManager.swift in Sources */ = {isa = PBXBuildFile; fileRef = 6CAF9D2E1F092D34009787BE /* TransitionManager.swift */; };
		6CAF9D4C1F092D34009787BE /* TransitionZoom.swift in Sources */ = {isa = PBXBuildFile; fileRef = 6CAF9D2F1F092D34009787BE /* TransitionZoom.swift */; };
		6CAF9D4D1F092D34009787BE /* UnwindSegue.swift in Sources */ = {isa = PBXBuildFile; fileRef = 6CAF9D301F092D34009787BE /* UnwindSegue.swift */; };
/* End PBXBuildFile section */

/* Begin PBXContainerItemProxy section */
		6CAF9CF61F092520009787BE /* PBXContainerItemProxy */ = {
			isa = PBXContainerItemProxy;
			containerPortal = 6CAF9CD91F092520009787BE /* Project object */;
			proxyType = 1;
			remoteGlobalIDString = 6CAF9CE01F092520009787BE;
			remoteInfo = texas;
		};
		6CAF9D011F092520009787BE /* PBXContainerItemProxy */ = {
			isa = PBXContainerItemProxy;
			containerPortal = 6CAF9CD91F092520009787BE /* Project object */;
			proxyType = 1;
			remoteGlobalIDString = 6CAF9CE01F092520009787BE;
			remoteInfo = texas;
		};
/* End PBXContainerItemProxy section */

/* Begin PBXFileReference section */
		6CAF9CE11F092520009787BE /* texas.app */ = {isa = PBXFileReference; explicitFileType = wrapper.application; includeInIndex = 0; path = texas.app; sourceTree = BUILT_PRODUCTS_DIR; };
		6CAF9CE41F092520009787BE /* AppDelegate.swift */ = {isa = PBXFileReference; lastKnownFileType = sourcecode.swift; path = AppDelegate.swift; sourceTree = "<group>"; };
		6CAF9CE61F092520009787BE /* ViewController.swift */ = {isa = PBXFileReference; lastKnownFileType = sourcecode.swift; path = ViewController.swift; sourceTree = "<group>"; };
		6CAF9CE91F092520009787BE /* Base */ = {isa = PBXFileReference; lastKnownFileType = file.storyboard; name = Base; path = Base.lproj/Main.storyboard; sourceTree = "<group>"; };
		6CAF9CEB1F092520009787BE /* Assets.xcassets */ = {isa = PBXFileReference; lastKnownFileType = folder.assetcatalog; path = Assets.xcassets; sourceTree = "<group>"; };
		6CAF9CEE1F092520009787BE /* Base */ = {isa = PBXFileReference; lastKnownFileType = file.storyboard; name = Base; path = Base.lproj/LaunchScreen.storyboard; sourceTree = "<group>"; };
		6CAF9CF01F092520009787BE /* Info.plist */ = {isa = PBXFileReference; lastKnownFileType = text.plist.xml; path = Info.plist; sourceTree = "<group>"; };
		6CAF9CF51F092520009787BE /* texasTests.xctest */ = {isa = PBXFileReference; explicitFileType = wrapper.cfbundle; includeInIndex = 0; path = texasTests.xctest; sourceTree = BUILT_PRODUCTS_DIR; };
		6CAF9CF91F092520009787BE /* texasTests.swift */ = {isa = PBXFileReference; lastKnownFileType = sourcecode.swift; path = texasTests.swift; sourceTree = "<group>"; };
		6CAF9CFB1F092520009787BE /* Info.plist */ = {isa = PBXFileReference; lastKnownFileType = text.plist.xml; path = Info.plist; sourceTree = "<group>"; };
		6CAF9D001F092520009787BE /* texasUITests.xctest */ = {isa = PBXFileReference; explicitFileType = wrapper.cfbundle; includeInIndex = 0; path = texasUITests.xctest; sourceTree = BUILT_PRODUCTS_DIR; };
		6CAF9D041F092520009787BE /* texasUITests.swift */ = {isa = PBXFileReference; lastKnownFileType = sourcecode.swift; path = texasUITests.swift; sourceTree = "<group>"; };
		6CAF9D061F092520009787BE /* Info.plist */ = {isa = PBXFileReference; lastKnownFileType = text.plist.xml; path = Info.plist; sourceTree = "<group>"; };
		6CAF9D131F092D34009787BE /* AsyncButton.swift */ = {isa = PBXFileReference; fileEncoding = 4; lastKnownFileType = sourcecode.swift; path = AsyncButton.swift; sourceTree = "<group>"; };
		6CAF9D141F092D34009787BE /* AsyncImageView.swift */ = {isa = PBXFileReference; fileEncoding = 4; lastKnownFileType = sourcecode.swift; path = AsyncImageView.swift; sourceTree = "<group>"; };
		6CAF9D151F092D34009787BE /* AutoTextView.swift */ = {isa = PBXFileReference; fileEncoding = 4; lastKnownFileType = sourcecode.swift; path = AutoTextView.swift; sourceTree = "<group>"; };
		6CAF9D161F092D34009787BE /* BlurView.swift */ = {isa = PBXFileReference; fileEncoding = 4; lastKnownFileType = sourcecode.swift; path = BlurView.swift; sourceTree = "<group>"; };
		6CAF9D171F092D34009787BE /* DesignableButton.swift */ = {isa = PBXFileReference; fileEncoding = 4; lastKnownFileType = sourcecode.swift; path = DesignableButton.swift; sourceTree = "<group>"; };
		6CAF9D181F092D34009787BE /* DesignableImageView.swift */ = {isa = PBXFileReference; fileEncoding = 4; lastKnownFileType = sourcecode.swift; path = DesignableImageView.swift; sourceTree = "<group>"; };
		6CAF9D191F092D34009787BE /* DesignableLabel.swift */ = {isa = PBXFileReference; fileEncoding = 4; lastKnownFileType = sourcecode.swift; path = DesignableLabel.swift; sourceTree = "<group>"; };
		6CAF9D1A1F092D34009787BE /* DesignableTabBarController.swift */ = {isa = PBXFileReference; fileEncoding = 4; lastKnownFileType = sourcecode.swift; path = DesignableTabBarController.swift; sourceTree = "<group>"; };
		6CAF9D1B1F092D34009787BE /* DesignableTextField.swift */ = {isa = PBXFileReference; fileEncoding = 4; lastKnownFileType = sourcecode.swift; path = DesignableTextField.swift; sourceTree = "<group>"; };
		6CAF9D1C1F092D34009787BE /* DesignableTextView.swift */ = {isa = PBXFileReference; fileEncoding = 4; lastKnownFileType = sourcecode.swift; path = DesignableTextView.swift; sourceTree = "<group>"; };
		6CAF9D1D1F092D34009787BE /* DesignableView.swift */ = {isa = PBXFileReference; fileEncoding = 4; lastKnownFileType = sourcecode.swift; path = DesignableView.swift; sourceTree = "<group>"; };
		6CAF9D1E1F092D34009787BE /* ImageLoader.swift */ = {isa = PBXFileReference; fileEncoding = 4; lastKnownFileType = sourcecode.swift; path = ImageLoader.swift; sourceTree = "<group>"; };
		6CAF9D1F1F092D34009787BE /* Info.plist */ = {isa = PBXFileReference; fileEncoding = 4; lastKnownFileType = text.plist.xml; path = Info.plist; sourceTree = "<group>"; };
		6CAF9D201F092D34009787BE /* KeyboardLayoutConstraint.swift */ = {isa = PBXFileReference; fileEncoding = 4; lastKnownFileType = sourcecode.swift; path = KeyboardLayoutConstraint.swift; sourceTree = "<group>"; };
		6CAF9D211F092D34009787BE /* LoadingView.swift */ = {isa = PBXFileReference; fileEncoding = 4; lastKnownFileType = sourcecode.swift; path = LoadingView.swift; sourceTree = "<group>"; };
		6CAF9D221F092D34009787BE /* LoadingView.xib */ = {isa = PBXFileReference; fileEncoding = 4; lastKnownFileType = file.xib; path = LoadingView.xib; sourceTree = "<group>"; };
		6CAF9D231F092D34009787BE /* Misc.swift */ = {isa = PBXFileReference; fileEncoding = 4; lastKnownFileType = sourcecode.swift; path = Misc.swift; sourceTree = "<group>"; };
		6CAF9D241F092D34009787BE /* SoundPlayer.swift */ = {isa = PBXFileReference; fileEncoding = 4; lastKnownFileType = sourcecode.swift; path = SoundPlayer.swift; sourceTree = "<group>"; };
		6CAF9D251F092D34009787BE /* Spring.h */ = {isa = PBXFileReference; fileEncoding = 4; lastKnownFileType = sourcecode.c.h; path = Spring.h; sourceTree = "<group>"; };
		6CAF9D261F092D34009787BE /* Spring.swift */ = {isa = PBXFileReference; fileEncoding = 4; lastKnownFileType = sourcecode.swift; path = Spring.swift; sourceTree = "<group>"; };
		6CAF9D271F092D34009787BE /* SpringAnimation.swift */ = {isa = PBXFileReference; fileEncoding = 4; lastKnownFileType = sourcecode.swift; path = SpringAnimation.swift; sourceTree = "<group>"; };
		6CAF9D281F092D34009787BE /* SpringButton.swift */ = {isa = PBXFileReference; fileEncoding = 4; lastKnownFileType = sourcecode.swift; path = SpringButton.swift; sourceTree = "<group>"; };
		6CAF9D291F092D34009787BE /* SpringImageView.swift */ = {isa = PBXFileReference; fileEncoding = 4; lastKnownFileType = sourcecode.swift; path = SpringImageView.swift; sourceTree = "<group>"; };
		6CAF9D2A1F092D34009787BE /* SpringLabel.swift */ = {isa = PBXFileReference; fileEncoding = 4; lastKnownFileType = sourcecode.swift; path = SpringLabel.swift; sourceTree = "<group>"; };
		6CAF9D2B1F092D34009787BE /* SpringTextField.swift */ = {isa = PBXFileReference; fileEncoding = 4; lastKnownFileType = sourcecode.swift; path = SpringTextField.swift; sourceTree = "<group>"; };
		6CAF9D2C1F092D34009787BE /* SpringTextView.swift */ = {isa = PBXFileReference; fileEncoding = 4; lastKnownFileType = sourcecode.swift; path = SpringTextView.swift; sourceTree = "<group>"; };
		6CAF9D2D1F092D34009787BE /* SpringView.swift */ = {isa = PBXFileReference; fileEncoding = 4; lastKnownFileType = sourcecode.swift; path = SpringView.swift; sourceTree = "<group>"; };
		6CAF9D2E1F092D34009787BE /* TransitionManager.swift */ = {isa = PBXFileReference; fileEncoding = 4; lastKnownFileType = sourcecode.swift; path = TransitionManager.swift; sourceTree = "<group>"; };
		6CAF9D2F1F092D34009787BE /* TransitionZoom.swift */ = {isa = PBXFileReference; fileEncoding = 4; lastKnownFileType = sourcecode.swift; path = TransitionZoom.swift; sourceTree = "<group>"; };
		6CAF9D301F092D34009787BE /* UnwindSegue.swift */ = {isa = PBXFileReference; fileEncoding = 4; lastKnownFileType = sourcecode.swift; path = UnwindSegue.swift; sourceTree = "<group>"; };
/* End PBXFileReference section */

/* Begin PBXFrameworksBuildPhase section */
		6CAF9CDE1F092520009787BE /* Frameworks */ = {
			isa = PBXFrameworksBuildPhase;
			buildActionMask = 2147483647;
			files = (
			);
			runOnlyForDeploymentPostprocessing = 0;
		};
		6CAF9CF21F092520009787BE /* Frameworks */ = {
			isa = PBXFrameworksBuildPhase;
			buildActionMask = 2147483647;
			files = (
			);
			runOnlyForDeploymentPostprocessing = 0;
		};
		6CAF9CFD1F092520009787BE /* Frameworks */ = {
			isa = PBXFrameworksBuildPhase;
			buildActionMask = 2147483647;
			files = (
			);
			runOnlyForDeploymentPostprocessing = 0;
		};
/* End PBXFrameworksBuildPhase section */

/* Begin PBXGroup section */
		6CAF9CD81F092520009787BE = {
			isa = PBXGroup;
			children = (
				6CAF9D121F092D34009787BE /* Spring */,
				6CAF9CE31F092520009787BE /* texas */,
				6CAF9CF81F092520009787BE /* texasTests */,
				6CAF9D031F092520009787BE /* texasUITests */,
				6CAF9CE21F092520009787BE /* Products */,
			);
			sourceTree = "<group>";
		};
		6CAF9CE21F092520009787BE /* Products */ = {
			isa = PBXGroup;
			children = (
				6CAF9CE11F092520009787BE /* texas.app */,
				6CAF9CF51F092520009787BE /* texasTests.xctest */,
				6CAF9D001F092520009787BE /* texasUITests.xctest */,
			);
			name = Products;
			sourceTree = "<group>";
		};
		6CAF9CE31F092520009787BE /* texas */ = {
			isa = PBXGroup;
			children = (
				6CAF9CE41F092520009787BE /* AppDelegate.swift */,
				6CAF9CE61F092520009787BE /* ViewController.swift */,
				6CAF9CE81F092520009787BE /* Main.storyboard */,
				6CAF9CEB1F092520009787BE /* Assets.xcassets */,
				6CAF9CED1F092520009787BE /* LaunchScreen.storyboard */,
				6CAF9CF01F092520009787BE /* Info.plist */,
			);
			path = texas;
			sourceTree = "<group>";
		};
		6CAF9CF81F092520009787BE /* texasTests */ = {
			isa = PBXGroup;
			children = (
				6CAF9CF91F092520009787BE /* texasTests.swift */,
				6CAF9CFB1F092520009787BE /* Info.plist */,
			);
			path = texasTests;
			sourceTree = "<group>";
		};
		6CAF9D031F092520009787BE /* texasUITests */ = {
			isa = PBXGroup;
			children = (
				6CAF9D041F092520009787BE /* texasUITests.swift */,
				6CAF9D061F092520009787BE /* Info.plist */,
			);
			path = texasUITests;
			sourceTree = "<group>";
		};
		6CAF9D121F092D34009787BE /* Spring */ = {
			isa = PBXGroup;
			children = (
				6CAF9D131F092D34009787BE /* AsyncButton.swift */,
				6CAF9D141F092D34009787BE /* AsyncImageView.swift */,
				6CAF9D151F092D34009787BE /* AutoTextView.swift */,
				6CAF9D161F092D34009787BE /* BlurView.swift */,
				6CAF9D171F092D34009787BE /* DesignableButton.swift */,
				6CAF9D181F092D34009787BE /* DesignableImageView.swift */,
				6CAF9D191F092D34009787BE /* DesignableLabel.swift */,
				6CAF9D1A1F092D34009787BE /* DesignableTabBarController.swift */,
				6CAF9D1B1F092D34009787BE /* DesignableTextField.swift */,
				6CAF9D1C1F092D34009787BE /* DesignableTextView.swift */,
				6CAF9D1D1F092D34009787BE /* DesignableView.swift */,
				6CAF9D1E1F092D34009787BE /* ImageLoader.swift */,
				6CAF9D1F1F092D34009787BE /* Info.plist */,
				6CAF9D201F092D34009787BE /* KeyboardLayoutConstraint.swift */,
				6CAF9D211F092D34009787BE /* LoadingView.swift */,
				6CAF9D221F092D34009787BE /* LoadingView.xib */,
				6CAF9D231F092D34009787BE /* Misc.swift */,
				6CAF9D241F092D34009787BE /* SoundPlayer.swift */,
				6CAF9D251F092D34009787BE /* Spring.h */,
				6CAF9D261F092D34009787BE /* Spring.swift */,
				6CAF9D271F092D34009787BE /* SpringAnimation.swift */,
				6CAF9D281F092D34009787BE /* SpringButton.swift */,
				6CAF9D291F092D34009787BE /* SpringImageView.swift */,
				6CAF9D2A1F092D34009787BE /* SpringLabel.swift */,
				6CAF9D2B1F092D34009787BE /* SpringTextField.swift */,
				6CAF9D2C1F092D34009787BE /* SpringTextView.swift */,
				6CAF9D2D1F092D34009787BE /* SpringView.swift */,
				6CAF9D2E1F092D34009787BE /* TransitionManager.swift */,
				6CAF9D2F1F092D34009787BE /* TransitionZoom.swift */,
				6CAF9D301F092D34009787BE /* UnwindSegue.swift */,
			);
			path = Spring;
			sourceTree = "<group>";
		};
/* End PBXGroup section */

/* Begin PBXNativeTarget section */
		6CAF9CE01F092520009787BE /* texas */ = {
			isa = PBXNativeTarget;
			buildConfigurationList = 6CAF9D091F092520009787BE /* Build configuration list for PBXNativeTarget "texas" */;
			buildPhases = (
				6CAF9CDD1F092520009787BE /* Sources */,
				6CAF9CDE1F092520009787BE /* Frameworks */,
				6CAF9CDF1F092520009787BE /* Resources */,
			);
			buildRules = (
			);
			dependencies = (
			);
			name = texas;
			productName = texas;
			productReference = 6CAF9CE11F092520009787BE /* texas.app */;
			productType = "com.apple.product-type.application";
		};
		6CAF9CF41F092520009787BE /* texasTests */ = {
			isa = PBXNativeTarget;
			buildConfigurationList = 6CAF9D0C1F092520009787BE /* Build configuration list for PBXNativeTarget "texasTests" */;
			buildPhases = (
				6CAF9CF11F092520009787BE /* Sources */,
				6CAF9CF21F092520009787BE /* Frameworks */,
				6CAF9CF31F092520009787BE /* Resources */,
			);
			buildRules = (
			);
			dependencies = (
				6CAF9CF71F092520009787BE /* PBXTargetDependency */,
			);
			name = texasTests;
			productName = texasTests;
			productReference = 6CAF9CF51F092520009787BE /* texasTests.xctest */;
			productType = "com.apple.product-type.bundle.unit-test";
		};
		6CAF9CFF1F092520009787BE /* texasUITests */ = {
			isa = PBXNativeTarget;
			buildConfigurationList = 6CAF9D0F1F092520009787BE /* Build configuration list for PBXNativeTarget "texasUITests" */;
			buildPhases = (
				6CAF9CFC1F092520009787BE /* Sources */,
				6CAF9CFD1F092520009787BE /* Frameworks */,
				6CAF9CFE1F092520009787BE /* Resources */,
			);
			buildRules = (
			);
			dependencies = (
				6CAF9D021F092520009787BE /* PBXTargetDependency */,
			);
			name = texasUITests;
			productName = texasUITests;
			productReference = 6CAF9D001F092520009787BE /* texasUITests.xctest */;
			productType = "com.apple.product-type.bundle.ui-testing";
		};
/* End PBXNativeTarget section */

/* Begin PBXProject section */
		6CAF9CD91F092520009787BE /* Project object */ = {
			isa = PBXProject;
			attributes = {
				LastSwiftUpdateCheck = 0830;
				LastUpgradeCheck = 0830;
				ORGANIZATIONNAME = "Yunchen Zhang";
				TargetAttributes = {
					6CAF9CE01F092520009787BE = {
						CreatedOnToolsVersion = 8.3.3;
						DevelopmentTeam = V7QHHUD2M5;
						ProvisioningStyle = Automatic;
					};
					6CAF9CF41F092520009787BE = {
						CreatedOnToolsVersion = 8.3.3;
						ProvisioningStyle = Automatic;
						TestTargetID = 6CAF9CE01F092520009787BE;
					};
					6CAF9CFF1F092520009787BE = {
						CreatedOnToolsVersion = 8.3.3;
						ProvisioningStyle = Automatic;
						TestTargetID = 6CAF9CE01F092520009787BE;
					};
				};
			};
			buildConfigurationList = 6CAF9CDC1F092520009787BE /* Build configuration list for PBXProject "texas" */;
			compatibilityVersion = "Xcode 3.2";
			developmentRegion = English;
			hasScannedForEncodings = 0;
			knownRegions = (
				en,
				Base,
			);
			mainGroup = 6CAF9CD81F092520009787BE;
			productRefGroup = 6CAF9CE21F092520009787BE /* Products */;
			projectDirPath = "";
			projectRoot = "";
			targets = (
				6CAF9CE01F092520009787BE /* texas */,
				6CAF9CF41F092520009787BE /* texasTests */,
				6CAF9CFF1F092520009787BE /* texasUITests */,
			);
		};
/* End PBXProject section */

/* Begin PBXResourcesBuildPhase section */
		6CAF9CDF1F092520009787BE /* Resources */ = {
			isa = PBXResourcesBuildPhase;
			buildActionMask = 2147483647;
			files = (
				6CAF9D3D1F092D34009787BE /* Info.plist in Resources */,
				6CAF9CEF1F092520009787BE /* LaunchScreen.storyboard in Resources */,
				6CAF9CEC1F092520009787BE /* Assets.xcassets in Resources */,
				6CAF9CEA1F092520009787BE /* Main.storyboard in Resources */,
				6CAF9D401F092D34009787BE /* LoadingView.xib in Resources */,
			);
			runOnlyForDeploymentPostprocessing = 0;
		};
		6CAF9CF31F092520009787BE /* Resources */ = {
			isa = PBXResourcesBuildPhase;
			buildActionMask = 2147483647;
			files = (
			);
			runOnlyForDeploymentPostprocessing = 0;
		};
		6CAF9CFE1F092520009787BE /* Resources */ = {
			isa = PBXResourcesBuildPhase;
			buildActionMask = 2147483647;
			files = (
			);
			runOnlyForDeploymentPostprocessing = 0;
		};
/* End PBXResourcesBuildPhase section */

/* Begin PBXSourcesBuildPhase section */
		6CAF9CDD1F092520009787BE /* Sources */ = {
			isa = PBXSourcesBuildPhase;
			buildActionMask = 2147483647;
			files = (
				6CAF9D471F092D34009787BE /* SpringLabel.swift in Sources */,
				6CAF9D3C1F092D34009787BE /* ImageLoader.swift in Sources */,
				6CAF9D411F092D34009787BE /* Misc.swift in Sources */,
				6CAF9D361F092D34009787BE /* DesignableImageView.swift in Sources */,
				6CAF9D461F092D34009787BE /* SpringImageView.swift in Sources */,
				6CAF9CE71F092520009787BE /* ViewController.swift in Sources */,
				6CAF9D421F092D34009787BE /* SoundPlayer.swift in Sources */,
				6CAF9D491F092D34009787BE /* SpringTextView.swift in Sources */,
				6CAF9CE51F092520009787BE /* AppDelegate.swift in Sources */,
				6CAF9D3B1F092D34009787BE /* DesignableView.swift in Sources */,
				6CAF9D441F092D34009787BE /* SpringAnimation.swift in Sources */,
				6CAF9D431F092D34009787BE /* Spring.swift in Sources */,
				6CAF9D3F1F092D34009787BE /* LoadingView.swift in Sources */,
				6CAF9D481F092D34009787BE /* SpringTextField.swift in Sources */,
				6CAF9D351F092D34009787BE /* DesignableButton.swift in Sources */,
				6CAF9D391F092D34009787BE /* DesignableTextField.swift in Sources */,
				6CAF9D311F092D34009787BE /* AsyncButton.swift in Sources */,
				6CAF9D3E1F092D34009787BE /* KeyboardLayoutConstraint.swift in Sources */,
				6CAF9D451F092D34009787BE /* SpringButton.swift in Sources */,
				6CAF9D321F092D34009787BE /* AsyncImageView.swift in Sources */,
				6CAF9D381F092D34009787BE /* DesignableTabBarController.swift in Sources */,
				6CAF9D331F092D34009787BE /* AutoTextView.swift in Sources */,
				6CAF9D3A1F092D34009787BE /* DesignableTextView.swift in Sources */,
				6CAF9D371F092D34009787BE /* DesignableLabel.swift in Sources */,
				6CAF9D4D1F092D34009787BE /* UnwindSegue.swift in Sources */,
				6CAF9D4B1F092D34009787BE /* TransitionManager.swift in Sources */,
				6CAF9D341F092D34009787BE /* BlurView.swift in Sources */,
				6CAF9D4A1F092D34009787BE /* SpringView.swift in Sources */,
				6CAF9D4C1F092D34009787BE /* TransitionZoom.swift in Sources */,
			);
			runOnlyForDeploymentPostprocessing = 0;
		};
		6CAF9CF11F092520009787BE /* Sources */ = {
			isa = PBXSourcesBuildPhase;
			buildActionMask = 2147483647;
			files = (
				6CAF9CFA1F092520009787BE /* texasTests.swift in Sources */,
			);
			runOnlyForDeploymentPostprocessing = 0;
		};
		6CAF9CFC1F092520009787BE /* Sources */ = {
			isa = PBXSourcesBuildPhase;
			buildActionMask = 2147483647;
			files = (
				6CAF9D051F092520009787BE /* texasUITests.swift in Sources */,
			);
			runOnlyForDeploymentPostprocessing = 0;
		};
/* End PBXSourcesBuildPhase section */

/* Begin PBXTargetDependency section */
		6CAF9CF71F092520009787BE /* PBXTargetDependency */ = {
			isa = PBXTargetDependency;
			target = 6CAF9CE01F092520009787BE /* texas */;
			targetProxy = 6CAF9CF61F092520009787BE /* PBXContainerItemProxy */;
		};
		6CAF9D021F092520009787BE /* PBXTargetDependency */ = {
			isa = PBXTargetDependency;
			target = 6CAF9CE01F092520009787BE /* texas */;
			targetProxy = 6CAF9D011F092520009787BE /* PBXContainerItemProxy */;
		};
/* End PBXTargetDependency section */

/* Begin PBXVariantGroup section */
		6CAF9CE81F092520009787BE /* Main.storyboard */ = {
			isa = PBXVariantGroup;
			children = (
				6CAF9CE91F092520009787BE /* Base */,
			);
			name = Main.storyboard;
			sourceTree = "<group>";
		};
		6CAF9CED1F092520009787BE /* LaunchScreen.storyboard */ = {
			isa = PBXVariantGroup;
			children = (
				6CAF9CEE1F092520009787BE /* Base */,
			);
			name = LaunchScreen.storyboard;
			sourceTree = "<group>";
		};
/* End PBXVariantGroup section */

/* Begin XCBuildConfiguration section */
		6CAF9D071F092520009787BE /* Debug */ = {
			isa = XCBuildConfiguration;
			buildSettings = {
				ALWAYS_SEARCH_USER_PATHS = NO;
				CLANG_ANALYZER_NONNULL = YES;
				CLANG_ANALYZER_NUMBER_OBJECT_CONVERSION = YES_AGGRESSIVE;
				CLANG_CXX_LANGUAGE_STANDARD = "gnu++0x";
				CLANG_CXX_LIBRARY = "libc++";
				CLANG_ENABLE_MODULES = YES;
				CLANG_ENABLE_OBJC_ARC = YES;
				CLANG_WARN_BOOL_CONVERSION = YES;
				CLANG_WARN_CONSTANT_CONVERSION = YES;
				CLANG_WARN_DIRECT_OBJC_ISA_USAGE = YES_ERROR;
				CLANG_WARN_DOCUMENTATION_COMMENTS = YES;
				CLANG_WARN_EMPTY_BODY = YES;
				CLANG_WARN_ENUM_CONVERSION = YES;
				CLANG_WARN_INFINITE_RECURSION = YES;
				CLANG_WARN_INT_CONVERSION = YES;
				CLANG_WARN_OBJC_ROOT_CLASS = YES_ERROR;
				CLANG_WARN_SUSPICIOUS_MOVE = YES;
				CLANG_WARN_UNREACHABLE_CODE = YES;
				CLANG_WARN__DUPLICATE_METHOD_MATCH = YES;
				"CODE_SIGN_IDENTITY[sdk=iphoneos*]" = "iPhone Developer";
				COPY_PHASE_STRIP = NO;
				DEBUG_INFORMATION_FORMAT = dwarf;
				ENABLE_STRICT_OBJC_MSGSEND = YES;
				ENABLE_TESTABILITY = YES;
				GCC_C_LANGUAGE_STANDARD = gnu99;
				GCC_DYNAMIC_NO_PIC = NO;
				GCC_NO_COMMON_BLOCKS = YES;
				GCC_OPTIMIZATION_LEVEL = 0;
				GCC_PREPROCESSOR_DEFINITIONS = (
					"DEBUG=1",
					"$(inherited)",
				);
				GCC_WARN_64_TO_32_BIT_CONVERSION = YES;
				GCC_WARN_ABOUT_RETURN_TYPE = YES_ERROR;
				GCC_WARN_UNDECLARED_SELECTOR = YES;
				GCC_WARN_UNINITIALIZED_AUTOS = YES_AGGRESSIVE;
				GCC_WARN_UNUSED_FUNCTION = YES;
				GCC_WARN_UNUSED_VARIABLE = YES;
				IPHONEOS_DEPLOYMENT_TARGET = 10.3;
				MTL_ENABLE_DEBUG_INFO = YES;
				ONLY_ACTIVE_ARCH = YES;
				SDKROOT = iphoneos;
				SWIFT_ACTIVE_COMPILATION_CONDITIONS = DEBUG;
				SWIFT_OPTIMIZATION_LEVEL = "-Onone";
				TARGETED_DEVICE_FAMILY = "1,2";
			};
			name = Debug;
		};
		6CAF9D081F092520009787BE /* Release */ = {
			isa = XCBuildConfiguration;
			buildSettings = {
				ALWAYS_SEARCH_USER_PATHS = NO;
				CLANG_ANALYZER_NONNULL = YES;
				CLANG_ANALYZER_NUMBER_OBJECT_CONVERSION = YES_AGGRESSIVE;
				CLANG_CXX_LANGUAGE_STANDARD = "gnu++0x";
				CLANG_CXX_LIBRARY = "libc++";
				CLANG_ENABLE_MODULES = YES;
				CLANG_ENABLE_OBJC_ARC = YES;
				CLANG_WARN_BOOL_CONVERSION = YES;
				CLANG_WARN_CONSTANT_CONVERSION = YES;
				CLANG_WARN_DIRECT_OBJC_ISA_USAGE = YES_ERROR;
				CLANG_WARN_DOCUMENTATION_COMMENTS = YES;
				CLANG_WARN_EMPTY_BODY = YES;
				CLANG_WARN_ENUM_CONVERSION = YES;
				CLANG_WARN_INFINITE_RECURSION = YES;
				CLANG_WARN_INT_CONVERSION = YES;
				CLANG_WARN_OBJC_ROOT_CLASS = YES_ERROR;
				CLANG_WARN_SUSPICIOUS_MOVE = YES;
				CLANG_WARN_UNREACHABLE_CODE = YES;
				CLANG_WARN__DUPLICATE_METHOD_MATCH = YES;
				"CODE_SIGN_IDENTITY[sdk=iphoneos*]" = "iPhone Developer";
				COPY_PHASE_STRIP = NO;
				DEBUG_INFORMATION_FORMAT = "dwarf-with-dsym";
				ENABLE_NS_ASSERTIONS = NO;
				ENABLE_STRICT_OBJC_MSGSEND = YES;
				GCC_C_LANGUAGE_STANDARD = gnu99;
				GCC_NO_COMMON_BLOCKS = YES;
				GCC_WARN_64_TO_32_BIT_CONVERSION = YES;
				GCC_WARN_ABOUT_RETURN_TYPE = YES_ERROR;
				GCC_WARN_UNDECLARED_SELECTOR = YES;
				GCC_WARN_UNINITIALIZED_AUTOS = YES_AGGRESSIVE;
				GCC_WARN_UNUSED_FUNCTION = YES;
				GCC_WARN_UNUSED_VARIABLE = YES;
				IPHONEOS_DEPLOYMENT_TARGET = 10.3;
				MTL_ENABLE_DEBUG_INFO = NO;
				SDKROOT = iphoneos;
				SWIFT_OPTIMIZATION_LEVEL = "-Owholemodule";
				TARGETED_DEVICE_FAMILY = "1,2";
				VALIDATE_PRODUCT = YES;
			};
			name = Release;
		};
		6CAF9D0A1F092520009787BE /* Debug */ = {
			isa = XCBuildConfiguration;
			buildSettings = {
				ASSETCATALOG_COMPILER_APPICON_NAME = AppIcon;
				DEVELOPMENT_TEAM = V7QHHUD2M5;
				INFOPLIST_FILE = texas/Info.plist;
				LD_RUNPATH_SEARCH_PATHS = "$(inherited) @executable_path/Frameworks";
				PRODUCT_BUNDLE_IDENTIFIER = com.texasholdem.www.texas;
				PRODUCT_NAME = "$(TARGET_NAME)";
				SWIFT_VERSION = 3.0;
			};
			name = Debug;
		};
		6CAF9D0B1F092520009787BE /* Release */ = {
			isa = XCBuildConfiguration;
			buildSettings = {
				ASSETCATALOG_COMPILER_APPICON_NAME = AppIcon;
				DEVELOPMENT_TEAM = V7QHHUD2M5;
				INFOPLIST_FILE = texas/Info.plist;
				LD_RUNPATH_SEARCH_PATHS = "$(inherited) @executable_path/Frameworks";
				PRODUCT_BUNDLE_IDENTIFIER = com.texasholdem.www.texas;
				PRODUCT_NAME = "$(TARGET_NAME)";
				SWIFT_VERSION = 3.0;
			};
			name = Release;
		};
		6CAF9D0D1F092520009787BE /* Debug */ = {
			isa = XCBuildConfiguration;
			buildSettings = {
				ALWAYS_EMBED_SWIFT_STANDARD_LIBRARIES = YES;
				BUNDLE_LOADER = "$(TEST_HOST)";
				INFOPLIST_FILE = texasTests/Info.plist;
				LD_RUNPATH_SEARCH_PATHS = "$(inherited) @executable_path/Frameworks @loader_path/Frameworks";
				PRODUCT_BUNDLE_IDENTIFIER = com.texasholdem.www.texasTests;
				PRODUCT_NAME = "$(TARGET_NAME)";
				SWIFT_VERSION = 3.0;
				TEST_HOST = "$(BUILT_PRODUCTS_DIR)/texas.app/texas";
			};
			name = Debug;
		};
		6CAF9D0E1F092520009787BE /* Release */ = {
			isa = XCBuildConfiguration;
			buildSettings = {
				ALWAYS_EMBED_SWIFT_STANDARD_LIBRARIES = YES;
				BUNDLE_LOADER = "$(TEST_HOST)";
				INFOPLIST_FILE = texasTests/Info.plist;
				LD_RUNPATH_SEARCH_PATHS = "$(inherited) @executable_path/Frameworks @loader_path/Frameworks";
				PRODUCT_BUNDLE_IDENTIFIER = com.texasholdem.www.texasTests;
				PRODUCT_NAME = "$(TARGET_NAME)";
				SWIFT_VERSION = 3.0;
				TEST_HOST = "$(BUILT_PRODUCTS_DIR)/texas.app/texas";
			};
			name = Release;
		};
		6CAF9D101F092520009787BE /* Debug */ = {
			isa = XCBuildConfiguration;
			buildSettings = {
				ALWAYS_EMBED_SWIFT_STANDARD_LIBRARIES = YES;
				INFOPLIST_FILE = texasUITests/Info.plist;
				LD_RUNPATH_SEARCH_PATHS = "$(inherited) @executable_path/Frameworks @loader_path/Frameworks";
				PRODUCT_BUNDLE_IDENTIFIER = com.texasholdem.www.texasUITests;
				PRODUCT_NAME = "$(TARGET_NAME)";
				SWIFT_VERSION = 3.0;
				TEST_TARGET_NAME = texas;
			};
			name = Debug;
		};
		6CAF9D111F092520009787BE /* Release */ = {
			isa = XCBuildConfiguration;
			buildSettings = {
				ALWAYS_EMBED_SWIFT_STANDARD_LIBRARIES = YES;
				INFOPLIST_FILE = texasUITests/Info.plist;
				LD_RUNPATH_SEARCH_PATHS = "$(inherited) @executable_path/Frameworks @loader_path/Frameworks";
				PRODUCT_BUNDLE_IDENTIFIER = com.texasholdem.www.texasUITests;
				PRODUCT_NAME = "$(TARGET_NAME)";
				SWIFT_VERSION = 3.0;
				TEST_TARGET_NAME = texas;
			};
			name = Release;
		};
/* End XCBuildConfiguration section */

/* Begin XCConfigurationList section */
		6CAF9CDC1F092520009787BE /* Build configuration list for PBXProject "texas" */ = {
			isa = XCConfigurationList;
			buildConfigurations = (
				6CAF9D071F092520009787BE /* Debug */,
				6CAF9D081F092520009787BE /* Release */,
			);
			defaultConfigurationIsVisible = 0;
			defaultConfigurationName = Release;
		};
		6CAF9D091F092520009787BE /* Build configuration list for PBXNativeTarget "texas" */ = {
			isa = XCConfigurationList;
			buildConfigurations = (
				6CAF9D0A1F092520009787BE /* Debug */,
				6CAF9D0B1F092520009787BE /* Release */,
			);
			defaultConfigurationIsVisible = 0;
		};
		6CAF9D0C1F092520009787BE /* Build configuration list for PBXNativeTarget "texasTests" */ = {
			isa = XCConfigurationList;
			buildConfigurations = (
				6CAF9D0D1F092520009787BE /* Debug */,
				6CAF9D0E1F092520009787BE /* Release */,
			);
			defaultConfigurationIsVisible = 0;
		};
		6CAF9D0F1F092520009787BE /* Build configuration list for PBXNativeTarget "texasUITests" */ = {
			isa = XCConfigurationList;
			buildConfigurations = (
				6CAF9D101F092520009787BE /* Debug */,
				6CAF9D111F092520009787BE /* Release */,
			);
			defaultConfigurationIsVisible = 0;
		};
/* End XCConfigurationList section */
	};
	rootObject = 6CAF9CD91F092520009787BE /* Project object */;
}
