// !$*UTF8*$!
{
	archiveVersion = 1;
	classes = {
	};
	objectVersion = 46;
	objects = {

/* Begin PBXBuildFile section */
		0522E26C1F0B98CC00A155AB /* Record.swift in Sources */ = {isa = PBXBuildFile; fileRef = 0522E26B1F0B98CC00A155AB /* Record.swift */; };
		0522E26E1F0B9D9300A155AB /* WinLostViewController.swift in Sources */ = {isa = PBXBuildFile; fileRef = 0522E26D1F0B9D9300A155AB /* WinLostViewController.swift */; };
		0522E2701F0BA07200A155AB /* CareerSumSectionViewCell.swift in Sources */ = {isa = PBXBuildFile; fileRef = 0522E26F1F0BA07200A155AB /* CareerSumSectionViewCell.swift */; };
		0522E2721F0BA81300A155AB /* GraphTableViewCell.swift in Sources */ = {isa = PBXBuildFile; fileRef = 0522E2711F0BA81300A155AB /* GraphTableViewCell.swift */; };
		0522E2741F0BA89900A155AB /* Stylesheet.swift in Sources */ = {isa = PBXBuildFile; fileRef = 0522E2731F0BA89900A155AB /* Stylesheet.swift */; };
		0522E2761F0BB3DB00A155AB /* recordTableViewCell.swift in Sources */ = {isa = PBXBuildFile; fileRef = 0522E2751F0BB3DB00A155AB /* recordTableViewCell.swift */; };
		0522E2781F0BB49500A155AB /* recordDisplayTableView.swift in Sources */ = {isa = PBXBuildFile; fileRef = 0522E2771F0BB49500A155AB /* recordDisplayTableView.swift */; };
		0522E27C1F0BC29E00A155AB /* Component.swift in Sources */ = {isa = PBXBuildFile; fileRef = 0522E27B1F0BC29E00A155AB /* Component.swift */; };
		05953D241F0B3FF40031D4BF /* TexasDataModel.xcdatamodeld in Sources */ = {isa = PBXBuildFile; fileRef = 05953D221F0B3FF40031D4BF /* TexasDataModel.xcdatamodeld */; };
		0C0FED9C17CA050FBE9AEAF6 /* Pods_texas.framework in Frameworks */ = {isa = PBXBuildFile; fileRef = 2303847B538B647A93E9C6B9 /* Pods_texas.framework */; };
		3B8A44434A9CAEE76CD3753E /* Pods_texasUITests.framework in Frameworks */ = {isa = PBXBuildFile; fileRef = B9CB680742A7DE0453014018 /* Pods_texasUITests.framework */; };
		6CAF9CE51F092520009787BE /* AppDelegate.swift in Sources */ = {isa = PBXBuildFile; fileRef = 6CAF9CE41F092520009787BE /* AppDelegate.swift */; };
		6CAF9CEA1F092520009787BE /* Main.storyboard in Resources */ = {isa = PBXBuildFile; fileRef = 6CAF9CE81F092520009787BE /* Main.storyboard */; };
		6CAF9CEC1F092520009787BE /* Assets.xcassets in Resources */ = {isa = PBXBuildFile; fileRef = 6CAF9CEB1F092520009787BE /* Assets.xcassets */; };
		6CAF9CEF1F092520009787BE /* LaunchScreen.storyboard in Resources */ = {isa = PBXBuildFile; fileRef = 6CAF9CED1F092520009787BE /* LaunchScreen.storyboard */; };
		6CAF9CFA1F092520009787BE /* texasTests.swift in Sources */ = {isa = PBXBuildFile; fileRef = 6CAF9CF91F092520009787BE /* texasTests.swift */; };
		6CAF9D051F092520009787BE /* texasUITests.swift in Sources */ = {isa = PBXBuildFile; fileRef = 6CAF9D041F092520009787BE /* texasUITests.swift */; };
		6CF3AF271F10D23400A96280 /* NewsTabViewCell.swift in Sources */ = {isa = PBXBuildFile; fileRef = 6CF3AF261F10D23400A96280 /* NewsTabViewCell.swift */; };
		A531A0FCFDD95065374EFDD3 /* Pods_texasTests.framework in Frameworks */ = {isa = PBXBuildFile; fileRef = E9E745C6488CF2806BC29C09 /* Pods_texasTests.framework */; };
/* End PBXBuildFile section */

/* Begin PBXContainerItemProxy section */
		6CAF9CF61F092520009787BE /* PBXContainerItemProxy */ = {
			isa = PBXContainerItemProxy;
			containerPortal = 6CAF9CD91F092520009787BE /* Project object */;
			proxyType = 1;
			remoteGlobalIDString = 6CAF9CE01F092520009787BE;
			remoteInfo = texas;
		};
		6CAF9D011F092520009787BE /* PBXContainerItemProxy */ = {
			isa = PBXContainerItemProxy;
			containerPortal = 6CAF9CD91F092520009787BE /* Project object */;
			proxyType = 1;
			remoteGlobalIDString = 6CAF9CE01F092520009787BE;
			remoteInfo = texas;
		};
/* End PBXContainerItemProxy section */

/* Begin PBXFileReference section */
		0522E26B1F0B98CC00A155AB /* Record.swift */ = {isa = PBXFileReference; fileEncoding = 4; lastKnownFileType = sourcecode.swift; path = Record.swift; sourceTree = "<group>"; };
		0522E26D1F0B9D9300A155AB /* WinLostViewController.swift */ = {isa = PBXFileReference; fileEncoding = 4; lastKnownFileType = sourcecode.swift; path = WinLostViewController.swift; sourceTree = "<group>"; };
		0522E26F1F0BA07200A155AB /* CareerSumSectionViewCell.swift */ = {isa = PBXFileReference; fileEncoding = 4; lastKnownFileType = sourcecode.swift; path = CareerSumSectionViewCell.swift; sourceTree = "<group>"; };
		0522E2711F0BA81300A155AB /* GraphTableViewCell.swift */ = {isa = PBXFileReference; fileEncoding = 4; lastKnownFileType = sourcecode.swift; path = GraphTableViewCell.swift; sourceTree = "<group>"; };
		0522E2731F0BA89900A155AB /* Stylesheet.swift */ = {isa = PBXFileReference; fileEncoding = 4; lastKnownFileType = sourcecode.swift; path = Stylesheet.swift; sourceTree = "<group>"; };
		0522E2751F0BB3DB00A155AB /* recordTableViewCell.swift */ = {isa = PBXFileReference; fileEncoding = 4; lastKnownFileType = sourcecode.swift; path = recordTableViewCell.swift; sourceTree = "<group>"; };
		0522E2771F0BB49500A155AB /* recordDisplayTableView.swift */ = {isa = PBXFileReference; fileEncoding = 4; lastKnownFileType = sourcecode.swift; path = recordDisplayTableView.swift; sourceTree = "<group>"; };
		0522E27B1F0BC29E00A155AB /* Component.swift */ = {isa = PBXFileReference; fileEncoding = 4; lastKnownFileType = sourcecode.swift; path = Component.swift; sourceTree = "<group>"; };
		05953D231F0B3FF40031D4BF /* TexasDataModel.xcdatamodel */ = {isa = PBXFileReference; lastKnownFileType = wrapper.xcdatamodel; path = TexasDataModel.xcdatamodel; sourceTree = "<group>"; };
		2303847B538B647A93E9C6B9 /* Pods_texas.framework */ = {isa = PBXFileReference; explicitFileType = wrapper.framework; includeInIndex = 0; path = Pods_texas.framework; sourceTree = BUILT_PRODUCTS_DIR; };
		318C1DA049DDA0A37F818FC0 /* Pods-texas.release.xcconfig */ = {isa = PBXFileReference; includeInIndex = 1; lastKnownFileType = text.xcconfig; name = "Pods-texas.release.xcconfig"; path = "Pods/Target Support Files/Pods-texas/Pods-texas.release.xcconfig"; sourceTree = "<group>"; };
		37C2675F7989A0544110286C /* Pods-texasUITests.debug.xcconfig */ = {isa = PBXFileReference; includeInIndex = 1; lastKnownFileType = text.xcconfig; name = "Pods-texasUITests.debug.xcconfig"; path = "Pods/Target Support Files/Pods-texasUITests/Pods-texasUITests.debug.xcconfig"; sourceTree = "<group>"; };
		6CAF9CE11F092520009787BE /* texas.app */ = {isa = PBXFileReference; explicitFileType = wrapper.application; includeInIndex = 0; path = texas.app; sourceTree = BUILT_PRODUCTS_DIR; };
		6CAF9CE41F092520009787BE /* AppDelegate.swift */ = {isa = PBXFileReference; lastKnownFileType = sourcecode.swift; path = AppDelegate.swift; sourceTree = "<group>"; };
		6CAF9CE91F092520009787BE /* Base */ = {isa = PBXFileReference; lastKnownFileType = file.storyboard; name = Base; path = Base.lproj/Main.storyboard; sourceTree = "<group>"; };
		6CAF9CEB1F092520009787BE /* Assets.xcassets */ = {isa = PBXFileReference; lastKnownFileType = folder.assetcatalog; path = Assets.xcassets; sourceTree = "<group>"; };
		6CAF9CEE1F092520009787BE /* Base */ = {isa = PBXFileReference; lastKnownFileType = file.storyboard; name = Base; path = Base.lproj/LaunchScreen.storyboard; sourceTree = "<group>"; };
		6CAF9CF01F092520009787BE /* Info.plist */ = {isa = PBXFileReference; lastKnownFileType = text.plist.xml; path = Info.plist; sourceTree = "<group>"; };
		6CAF9CF51F092520009787BE /* texasTests.xctest */ = {isa = PBXFileReference; explicitFileType = wrapper.cfbundle; includeInIndex = 0; path = texasTests.xctest; sourceTree = BUILT_PRODUCTS_DIR; };
		6CAF9CF91F092520009787BE /* texasTests.swift */ = {isa = PBXFileReference; lastKnownFileType = sourcecode.swift; path = texasTests.swift; sourceTree = "<group>"; };
		6CAF9CFB1F092520009787BE /* Info.plist */ = {isa = PBXFileReference; lastKnownFileType = text.plist.xml; path = Info.plist; sourceTree = "<group>"; };
		6CAF9D001F092520009787BE /* texasUITests.xctest */ = {isa = PBXFileReference; explicitFileType = wrapper.cfbundle; includeInIndex = 0; path = texasUITests.xctest; sourceTree = BUILT_PRODUCTS_DIR; };
		6CAF9D041F092520009787BE /* texasUITests.swift */ = {isa = PBXFileReference; lastKnownFileType = sourcecode.swift; path = texasUITests.swift; sourceTree = "<group>"; };
		6CAF9D061F092520009787BE /* Info.plist */ = {isa = PBXFileReference; lastKnownFileType = text.plist.xml; path = Info.plist; sourceTree = "<group>"; };
		6CF3AF261F10D23400A96280 /* NewsTabViewCell.swift */ = {isa = PBXFileReference; fileEncoding = 4; lastKnownFileType = sourcecode.swift; path = NewsTabViewCell.swift; sourceTree = "<group>"; };
		8B9574C853BBB435666BD588 /* Pods-texasTests.debug.xcconfig */ = {isa = PBXFileReference; includeInIndex = 1; lastKnownFileType = text.xcconfig; name = "Pods-texasTests.debug.xcconfig"; path = "Pods/Target Support Files/Pods-texasTests/Pods-texasTests.debug.xcconfig"; sourceTree = "<group>"; };
		9D3314ABF3619E9A829AB92E /* Pods-texas.debug.xcconfig */ = {isa = PBXFileReference; includeInIndex = 1; lastKnownFileType = text.xcconfig; name = "Pods-texas.debug.xcconfig"; path = "Pods/Target Support Files/Pods-texas/Pods-texas.debug.xcconfig"; sourceTree = "<group>"; };
		A007E53CDBEAB88D85E96CD5 /* Pods-texasUITests.release.xcconfig */ = {isa = PBXFileReference; includeInIndex = 1; lastKnownFileType = text.xcconfig; name = "Pods-texasUITests.release.xcconfig"; path = "Pods/Target Support Files/Pods-texasUITests/Pods-texasUITests.release.xcconfig"; sourceTree = "<group>"; };
		B9CB680742A7DE0453014018 /* Pods_texasUITests.framework */ = {isa = PBXFileReference; explicitFileType = wrapper.framework; includeInIndex = 0; path = Pods_texasUITests.framework; sourceTree = BUILT_PRODUCTS_DIR; };
		C729EE6101CFF5F88885917C /* Pods-texasTests.release.xcconfig */ = {isa = PBXFileReference; includeInIndex = 1; lastKnownFileType = text.xcconfig; name = "Pods-texasTests.release.xcconfig"; path = "Pods/Target Support Files/Pods-texasTests/Pods-texasTests.release.xcconfig"; sourceTree = "<group>"; };
		E9E745C6488CF2806BC29C09 /* Pods_texasTests.framework */ = {isa = PBXFileReference; explicitFileType = wrapper.framework; includeInIndex = 0; path = Pods_texasTests.framework; sourceTree = BUILT_PRODUCTS_DIR; };
/* End PBXFileReference section */

/* Begin PBXFrameworksBuildPhase section */
		6CAF9CDE1F092520009787BE /* Frameworks */ = {
			isa = PBXFrameworksBuildPhase;
			buildActionMask = 2147483647;
			files = (
				0C0FED9C17CA050FBE9AEAF6 /* Pods_texas.framework in Frameworks */,
			);
			runOnlyForDeploymentPostprocessing = 0;
		};
		6CAF9CF21F092520009787BE /* Frameworks */ = {
			isa = PBXFrameworksBuildPhase;
			buildActionMask = 2147483647;
			files = (
				A531A0FCFDD95065374EFDD3 /* Pods_texasTests.framework in Frameworks */,
			);
			runOnlyForDeploymentPostprocessing = 0;
		};
		6CAF9CFD1F092520009787BE /* Frameworks */ = {
			isa = PBXFrameworksBuildPhase;
			buildActionMask = 2147483647;
			files = (
				3B8A44434A9CAEE76CD3753E /* Pods_texasUITests.framework in Frameworks */,
			);
			runOnlyForDeploymentPostprocessing = 0;
		};
/* End PBXFrameworksBuildPhase section */

/* Begin PBXGroup section */
		0522E2681F0B97FE00A155AB /* Controller */ = {
			isa = PBXGroup;
			children = (
				0522E26D1F0B9D9300A155AB /* WinLostViewController.swift */,
			);
			path = Controller;
			sourceTree = "<group>";
		};
		0522E2691F0B97FE00A155AB /* Module */ = {
			isa = PBXGroup;
			children = (
				0522E26B1F0B98CC00A155AB /* Record.swift */,
				0522E2731F0BA89900A155AB /* Stylesheet.swift */,
				0522E27B1F0BC29E00A155AB /* Component.swift */,
			);
			path = Module;
			sourceTree = "<group>";
		};
		0522E26A1F0B97FE00A155AB /* View */ = {
			isa = PBXGroup;
			children = (
				6CF3AF251F10D1DC00A96280 /* explore */,
				0522E26F1F0BA07200A155AB /* CareerSumSectionViewCell.swift */,
				0522E2711F0BA81300A155AB /* GraphTableViewCell.swift */,
				0522E2751F0BB3DB00A155AB /* recordTableViewCell.swift */,
				0522E2771F0BB49500A155AB /* recordDisplayTableView.swift */,
			);
			path = View;
			sourceTree = "<group>";
		};
		6CAF9CD81F092520009787BE = {
			isa = PBXGroup;
			children = (
				6CAF9CE31F092520009787BE /* texas */,
				6CAF9CF81F092520009787BE /* texasTests */,
				6CAF9D031F092520009787BE /* texasUITests */,
				6CAF9CE21F092520009787BE /* Products */,
				9E411E98B54DCBB66CD7BCC5 /* Pods */,
				D8D56E3B9FE772AAD93204E8 /* Frameworks */,
			);
			sourceTree = "<group>";
		};
		6CAF9CE21F092520009787BE /* Products */ = {
			isa = PBXGroup;
			children = (
				6CAF9CE11F092520009787BE /* texas.app */,
				6CAF9CF51F092520009787BE /* texasTests.xctest */,
				6CAF9D001F092520009787BE /* texasUITests.xctest */,
			);
			name = Products;
			sourceTree = "<group>";
		};
		6CAF9CE31F092520009787BE /* texas */ = {
			isa = PBXGroup;
			children = (
				0522E2691F0B97FE00A155AB /* Module */,
				0522E26A1F0B97FE00A155AB /* View */,
				0522E2681F0B97FE00A155AB /* Controller */,
				6CAF9CE41F092520009787BE /* AppDelegate.swift */,
				6CAF9CE81F092520009787BE /* Main.storyboard */,
				6CAF9CEB1F092520009787BE /* Assets.xcassets */,
				6CAF9CED1F092520009787BE /* LaunchScreen.storyboard */,
				6CAF9CF01F092520009787BE /* Info.plist */,
				05953D221F0B3FF40031D4BF /* TexasDataModel.xcdatamodeld */,
			);
			path = texas;
			sourceTree = "<group>";
		};
		6CAF9CF81F092520009787BE /* texasTests */ = {
			isa = PBXGroup;
			children = (
				6CAF9CF91F092520009787BE /* texasTests.swift */,
				6CAF9CFB1F092520009787BE /* Info.plist */,
			);
			path = texasTests;
			sourceTree = "<group>";
		};
		6CAF9D031F092520009787BE /* texasUITests */ = {
			isa = PBXGroup;
			children = (
				6CAF9D041F092520009787BE /* texasUITests.swift */,
				6CAF9D061F092520009787BE /* Info.plist */,
			);
			path = texasUITests;
			sourceTree = "<group>";
		};
		6CF3AF251F10D1DC00A96280 /* explore */ = {
			isa = PBXGroup;
			children = (
				6CF3AF261F10D23400A96280 /* NewsTabViewCell.swift */,
			);
			name = explore;
			sourceTree = "<group>";
		};
		9E411E98B54DCBB66CD7BCC5 /* Pods */ = {
			isa = PBXGroup;
			children = (
				9D3314ABF3619E9A829AB92E /* Pods-texas.debug.xcconfig */,
				318C1DA049DDA0A37F818FC0 /* Pods-texas.release.xcconfig */,
				8B9574C853BBB435666BD588 /* Pods-texasTests.debug.xcconfig */,
				C729EE6101CFF5F88885917C /* Pods-texasTests.release.xcconfig */,
				37C2675F7989A0544110286C /* Pods-texasUITests.debug.xcconfig */,
				A007E53CDBEAB88D85E96CD5 /* Pods-texasUITests.release.xcconfig */,
			);
			name = Pods;
			sourceTree = "<group>";
		};
		D8D56E3B9FE772AAD93204E8 /* Frameworks */ = {
			isa = PBXGroup;
			children = (
				2303847B538B647A93E9C6B9 /* Pods_texas.framework */,
				E9E745C6488CF2806BC29C09 /* Pods_texasTests.framework */,
				B9CB680742A7DE0453014018 /* Pods_texasUITests.framework */,
			);
			name = Frameworks;
			sourceTree = "<group>";
		};
/* End PBXGroup section */

/* Begin PBXNativeTarget section */
		6CAF9CE01F092520009787BE /* texas */ = {
			isa = PBXNativeTarget;
			buildConfigurationList = 6CAF9D091F092520009787BE /* Build configuration list for PBXNativeTarget "texas" */;
			buildPhases = (
				A63BA29BE2FD6044E927576A /* [CP] Check Pods Manifest.lock */,
				6CAF9CDD1F092520009787BE /* Sources */,
				6CAF9CDE1F092520009787BE /* Frameworks */,
				6CAF9CDF1F092520009787BE /* Resources */,
				B50CBAB7272458EFD0AB2127 /* [CP] Embed Pods Frameworks */,
				421051BD9646C4E609385CB6 /* [CP] Copy Pods Resources */,
			);
			buildRules = (
			);
			dependencies = (
			);
			name = texas;
			productName = texas;
			productReference = 6CAF9CE11F092520009787BE /* texas.app */;
			productType = "com.apple.product-type.application";
		};
		6CAF9CF41F092520009787BE /* texasTests */ = {
			isa = PBXNativeTarget;
			buildConfigurationList = 6CAF9D0C1F092520009787BE /* Build configuration list for PBXNativeTarget "texasTests" */;
			buildPhases = (
				8F8B6BB3773B2B869CE132B6 /* [CP] Check Pods Manifest.lock */,
				6CAF9CF11F092520009787BE /* Sources */,
				6CAF9CF21F092520009787BE /* Frameworks */,
				6CAF9CF31F092520009787BE /* Resources */,
				05EFB165BE25719D627E6AFA /* [CP] Embed Pods Frameworks */,
				32EC5C9FE6A72868E4E0CBF2 /* [CP] Copy Pods Resources */,
			);
			buildRules = (
			);
			dependencies = (
				6CAF9CF71F092520009787BE /* PBXTargetDependency */,
			);
			name = texasTests;
			productName = texasTests;
			productReference = 6CAF9CF51F092520009787BE /* texasTests.xctest */;
			productType = "com.apple.product-type.bundle.unit-test";
		};
		6CAF9CFF1F092520009787BE /* texasUITests */ = {
			isa = PBXNativeTarget;
			buildConfigurationList = 6CAF9D0F1F092520009787BE /* Build configuration list for PBXNativeTarget "texasUITests" */;
			buildPhases = (
				A546ECE7664B8042036F21BA /* [CP] Check Pods Manifest.lock */,
				6CAF9CFC1F092520009787BE /* Sources */,
				6CAF9CFD1F092520009787BE /* Frameworks */,
				6CAF9CFE1F092520009787BE /* Resources */,
				F94A9523F02C317BCEF9D412 /* [CP] Embed Pods Frameworks */,
				F992EBEB8997832BA716BAFA /* [CP] Copy Pods Resources */,
			);
			buildRules = (
			);
			dependencies = (
				6CAF9D021F092520009787BE /* PBXTargetDependency */,
			);
			name = texasUITests;
			productName = texasUITests;
			productReference = 6CAF9D001F092520009787BE /* texasUITests.xctest */;
			productType = "com.apple.product-type.bundle.ui-testing";
		};
/* End PBXNativeTarget section */

/* Begin PBXProject section */
		6CAF9CD91F092520009787BE /* Project object */ = {
			isa = PBXProject;
			attributes = {
				LastSwiftUpdateCheck = 0830;
				LastUpgradeCheck = 0830;
				ORGANIZATIONNAME = "Yunchen Zhang";
				TargetAttributes = {
					6CAF9CE01F092520009787BE = {
						CreatedOnToolsVersion = 8.3.3;
						DevelopmentTeam = V7QHHUD2M5;
						ProvisioningStyle = Automatic;
					};
					6CAF9CF41F092520009787BE = {
						CreatedOnToolsVersion = 8.3.3;
						ProvisioningStyle = Automatic;
						TestTargetID = 6CAF9CE01F092520009787BE;
					};
					6CAF9CFF1F092520009787BE = {
						CreatedOnToolsVersion = 8.3.3;
						ProvisioningStyle = Automatic;
						TestTargetID = 6CAF9CE01F092520009787BE;
					};
				};
			};
			buildConfigurationList = 6CAF9CDC1F092520009787BE /* Build configuration list for PBXProject "texas" */;
			compatibilityVersion = "Xcode 3.2";
			developmentRegion = English;
			hasScannedForEncodings = 0;
			knownRegions = (
				en,
				Base,
			);
			mainGroup = 6CAF9CD81F092520009787BE;
			productRefGroup = 6CAF9CE21F092520009787BE /* Products */;
			projectDirPath = "";
			projectRoot = "";
			targets = (
				6CAF9CE01F092520009787BE /* texas */,
				6CAF9CF41F092520009787BE /* texasTests */,
				6CAF9CFF1F092520009787BE /* texasUITests */,
			);
		};
/* End PBXProject section */

/* Begin PBXResourcesBuildPhase section */
		6CAF9CDF1F092520009787BE /* Resources */ = {
			isa = PBXResourcesBuildPhase;
			buildActionMask = 2147483647;
			files = (
				6CAF9CEF1F092520009787BE /* LaunchScreen.storyboard in Resources */,
				6CAF9CEC1F092520009787BE /* Assets.xcassets in Resources */,
				6CAF9CEA1F092520009787BE /* Main.storyboard in Resources */,
			);
			runOnlyForDeploymentPostprocessing = 0;
		};
		6CAF9CF31F092520009787BE /* Resources */ = {
			isa = PBXResourcesBuildPhase;
			buildActionMask = 2147483647;
			files = (
			);
			runOnlyForDeploymentPostprocessing = 0;
		};
		6CAF9CFE1F092520009787BE /* Resources */ = {
			isa = PBXResourcesBuildPhase;
			buildActionMask = 2147483647;
			files = (
			);
			runOnlyForDeploymentPostprocessing = 0;
		};
/* End PBXResourcesBuildPhase section */

/* Begin PBXShellScriptBuildPhase section */
		05EFB165BE25719D627E6AFA /* [CP] Embed Pods Frameworks */ = {
			isa = PBXShellScriptBuildPhase;
			buildActionMask = 2147483647;
			files = (
			);
			inputPaths = (
			);
			name = "[CP] Embed Pods Frameworks";
			outputPaths = (
			);
			runOnlyForDeploymentPostprocessing = 0;
			shellPath = /bin/sh;
			shellScript = "\"${SRCROOT}/Pods/Target Support Files/Pods-texasTests/Pods-texasTests-frameworks.sh\"\n";
			showEnvVarsInLog = 0;
		};
		32EC5C9FE6A72868E4E0CBF2 /* [CP] Copy Pods Resources */ = {
			isa = PBXShellScriptBuildPhase;
			buildActionMask = 2147483647;
			files = (
			);
			inputPaths = (
			);
			name = "[CP] Copy Pods Resources";
			outputPaths = (
			);
			runOnlyForDeploymentPostprocessing = 0;
			shellPath = /bin/sh;
			shellScript = "\"${SRCROOT}/Pods/Target Support Files/Pods-texasTests/Pods-texasTests-resources.sh\"\n";
			showEnvVarsInLog = 0;
		};
		421051BD9646C4E609385CB6 /* [CP] Copy Pods Resources */ = {
			isa = PBXShellScriptBuildPhase;
			buildActionMask = 2147483647;
			files = (
			);
			inputPaths = (
			);
			name = "[CP] Copy Pods Resources";
			outputPaths = (
			);
			runOnlyForDeploymentPostprocessing = 0;
			shellPath = /bin/sh;
			shellScript = "\"${SRCROOT}/Pods/Target Support Files/Pods-texas/Pods-texas-resources.sh\"\n";
			showEnvVarsInLog = 0;
		};
		8F8B6BB3773B2B869CE132B6 /* [CP] Check Pods Manifest.lock */ = {
			isa = PBXShellScriptBuildPhase;
			buildActionMask = 2147483647;
			files = (
			);
			inputPaths = (
			);
			name = "[CP] Check Pods Manifest.lock";
			outputPaths = (
			);
			runOnlyForDeploymentPostprocessing = 0;
			shellPath = /bin/sh;
			shellScript = "diff \"${PODS_PODFILE_DIR_PATH}/Podfile.lock\" \"${PODS_ROOT}/Manifest.lock\" > /dev/null\nif [ $? != 0 ] ; then\n    # print error to STDERR\n    echo \"error: The sandbox is not in sync with the Podfile.lock. Run 'pod install' or update your CocoaPods installation.\" >&2\n    exit 1\nfi\n";
			showEnvVarsInLog = 0;
		};
		A546ECE7664B8042036F21BA /* [CP] Check Pods Manifest.lock */ = {
			isa = PBXShellScriptBuildPhase;
			buildActionMask = 2147483647;
			files = (
			);
			inputPaths = (
			);
			name = "[CP] Check Pods Manifest.lock";
			outputPaths = (
			);
			runOnlyForDeploymentPostprocessing = 0;
			shellPath = /bin/sh;
			shellScript = "diff \"${PODS_PODFILE_DIR_PATH}/Podfile.lock\" \"${PODS_ROOT}/Manifest.lock\" > /dev/null\nif [ $? != 0 ] ; then\n    # print error to STDERR\n    echo \"error: The sandbox is not in sync with the Podfile.lock. Run 'pod install' or update your CocoaPods installation.\" >&2\n    exit 1\nfi\n";
			showEnvVarsInLog = 0;
		};
		A63BA29BE2FD6044E927576A /* [CP] Check Pods Manifest.lock */ = {
			isa = PBXShellScriptBuildPhase;
			buildActionMask = 2147483647;
			files = (
			);
			inputPaths = (
			);
			name = "[CP] Check Pods Manifest.lock";
			outputPaths = (
			);
			runOnlyForDeploymentPostprocessing = 0;
			shellPath = /bin/sh;
			shellScript = "diff \"${PODS_PODFILE_DIR_PATH}/Podfile.lock\" \"${PODS_ROOT}/Manifest.lock\" > /dev/null\nif [ $? != 0 ] ; then\n    # print error to STDERR\n    echo \"error: The sandbox is not in sync with the Podfile.lock. Run 'pod install' or update your CocoaPods installation.\" >&2\n    exit 1\nfi\n";
			showEnvVarsInLog = 0;
		};
		B50CBAB7272458EFD0AB2127 /* [CP] Embed Pods Frameworks */ = {
			isa = PBXShellScriptBuildPhase;
			buildActionMask = 2147483647;
			files = (
			);
			inputPaths = (
			);
			name = "[CP] Embed Pods Frameworks";
			outputPaths = (
			);
			runOnlyForDeploymentPostprocessing = 0;
			shellPath = /bin/sh;
			shellScript = "\"${SRCROOT}/Pods/Target Support Files/Pods-texas/Pods-texas-frameworks.sh\"\n";
			showEnvVarsInLog = 0;
		};
		F94A9523F02C317BCEF9D412 /* [CP] Embed Pods Frameworks */ = {
			isa = PBXShellScriptBuildPhase;
			buildActionMask = 2147483647;
			files = (
			);
			inputPaths = (
			);
			name = "[CP] Embed Pods Frameworks";
			outputPaths = (
			);
			runOnlyForDeploymentPostprocessing = 0;
			shellPath = /bin/sh;
			shellScript = "\"${SRCROOT}/Pods/Target Support Files/Pods-texasUITests/Pods-texasUITests-frameworks.sh\"\n";
			showEnvVarsInLog = 0;
		};
		F992EBEB8997832BA716BAFA /* [CP] Copy Pods Resources */ = {
			isa = PBXShellScriptBuildPhase;
			buildActionMask = 2147483647;
			files = (
			);
			inputPaths = (
			);
			name = "[CP] Copy Pods Resources";
			outputPaths = (
			);
			runOnlyForDeploymentPostprocessing = 0;
			shellPath = /bin/sh;
			shellScript = "\"${SRCROOT}/Pods/Target Support Files/Pods-texasUITests/Pods-texasUITests-resources.sh\"\n";
			showEnvVarsInLog = 0;
		};
/* End PBXShellScriptBuildPhase section */

/* Begin PBXSourcesBuildPhase section */
		6CAF9CDD1F092520009787BE /* Sources */ = {
			isa = PBXSourcesBuildPhase;
			buildActionMask = 2147483647;
			files = (
				0522E2721F0BA81300A155AB /* GraphTableViewCell.swift in Sources */,
				05953D241F0B3FF40031D4BF /* TexasDataModel.xcdatamodeld in Sources */,
				0522E26E1F0B9D9300A155AB /* WinLostViewController.swift in Sources */,
				0522E2781F0BB49500A155AB /* recordDisplayTableView.swift in Sources */,
				0522E26C1F0B98CC00A155AB /* Record.swift in Sources */,
				0522E2741F0BA89900A155AB /* Stylesheet.swift in Sources */,
				6CAF9CE51F092520009787BE /* AppDelegate.swift in Sources */,
				0522E2761F0BB3DB00A155AB /* recordTableViewCell.swift in Sources */,
				6CF3AF271F10D23400A96280 /* NewsTabViewCell.swift in Sources */,
				0522E2701F0BA07200A155AB /* CareerSumSectionViewCell.swift in Sources */,
				0522E27C1F0BC29E00A155AB /* Component.swift in Sources */,
			);
			runOnlyForDeploymentPostprocessing = 0;
		};
		6CAF9CF11F092520009787BE /* Sources */ = {
			isa = PBXSourcesBuildPhase;
			buildActionMask = 2147483647;
			files = (
				6CAF9CFA1F092520009787BE /* texasTests.swift in Sources */,
			);
			runOnlyForDeploymentPostprocessing = 0;
		};
		6CAF9CFC1F092520009787BE /* Sources */ = {
			isa = PBXSourcesBuildPhase;
			buildActionMask = 2147483647;
			files = (
				6CAF9D051F092520009787BE /* texasUITests.swift in Sources */,
			);
			runOnlyForDeploymentPostprocessing = 0;
		};
/* End PBXSourcesBuildPhase section */

/* Begin PBXTargetDependency section */
		6CAF9CF71F092520009787BE /* PBXTargetDependency */ = {
			isa = PBXTargetDependency;
			target = 6CAF9CE01F092520009787BE /* texas */;
			targetProxy = 6CAF9CF61F092520009787BE /* PBXContainerItemProxy */;
		};
		6CAF9D021F092520009787BE /* PBXTargetDependency */ = {
			isa = PBXTargetDependency;
			target = 6CAF9CE01F092520009787BE /* texas */;
			targetProxy = 6CAF9D011F092520009787BE /* PBXContainerItemProxy */;
		};
/* End PBXTargetDependency section */

/* Begin PBXVariantGroup section */
		6CAF9CE81F092520009787BE /* Main.storyboard */ = {
			isa = PBXVariantGroup;
			children = (
				6CAF9CE91F092520009787BE /* Base */,
			);
			name = Main.storyboard;
			sourceTree = "<group>";
		};
		6CAF9CED1F092520009787BE /* LaunchScreen.storyboard */ = {
			isa = PBXVariantGroup;
			children = (
				6CAF9CEE1F092520009787BE /* Base */,
			);
			name = LaunchScreen.storyboard;
			sourceTree = "<group>";
		};
/* End PBXVariantGroup section */

/* Begin XCBuildConfiguration section */
		6CAF9D071F092520009787BE /* Debug */ = {
			isa = XCBuildConfiguration;
			buildSettings = {
				ALWAYS_SEARCH_USER_PATHS = NO;
				CLANG_ANALYZER_NONNULL = YES;
				CLANG_ANALYZER_NUMBER_OBJECT_CONVERSION = YES_AGGRESSIVE;
				CLANG_CXX_LANGUAGE_STANDARD = "gnu++0x";
				CLANG_CXX_LIBRARY = "libc++";
				CLANG_ENABLE_MODULES = YES;
				CLANG_ENABLE_OBJC_ARC = YES;
				CLANG_WARN_BOOL_CONVERSION = YES;
				CLANG_WARN_CONSTANT_CONVERSION = YES;
				CLANG_WARN_DIRECT_OBJC_ISA_USAGE = YES_ERROR;
				CLANG_WARN_DOCUMENTATION_COMMENTS = YES;
				CLANG_WARN_EMPTY_BODY = YES;
				CLANG_WARN_ENUM_CONVERSION = YES;
				CLANG_WARN_INFINITE_RECURSION = YES;
				CLANG_WARN_INT_CONVERSION = YES;
				CLANG_WARN_OBJC_ROOT_CLASS = YES_ERROR;
				CLANG_WARN_SUSPICIOUS_MOVE = YES;
				CLANG_WARN_UNREACHABLE_CODE = YES;
				CLANG_WARN__DUPLICATE_METHOD_MATCH = YES;
				"CODE_SIGN_IDENTITY[sdk=iphoneos*]" = "iPhone Developer";
				COPY_PHASE_STRIP = NO;
				DEBUG_INFORMATION_FORMAT = dwarf;
				ENABLE_STRICT_OBJC_MSGSEND = YES;
				ENABLE_TESTABILITY = YES;
				GCC_C_LANGUAGE_STANDARD = gnu99;
				GCC_DYNAMIC_NO_PIC = NO;
				GCC_NO_COMMON_BLOCKS = YES;
				GCC_OPTIMIZATION_LEVEL = 0;
				GCC_PREPROCESSOR_DEFINITIONS = (
					"DEBUG=1",
					"$(inherited)",
				);
				GCC_WARN_64_TO_32_BIT_CONVERSION = YES;
				GCC_WARN_ABOUT_RETURN_TYPE = YES_ERROR;
				GCC_WARN_UNDECLARED_SELECTOR = YES;
				GCC_WARN_UNINITIALIZED_AUTOS = YES_AGGRESSIVE;
				GCC_WARN_UNUSED_FUNCTION = YES;
				GCC_WARN_UNUSED_VARIABLE = YES;
				IPHONEOS_DEPLOYMENT_TARGET = 10.3;
				MTL_ENABLE_DEBUG_INFO = YES;
				ONLY_ACTIVE_ARCH = YES;
				SDKROOT = iphoneos;
				SWIFT_ACTIVE_COMPILATION_CONDITIONS = DEBUG;
				SWIFT_OPTIMIZATION_LEVEL = "-Onone";
				TARGETED_DEVICE_FAMILY = "1,2";
			};
			name = Debug;
		};
		6CAF9D081F092520009787BE /* Release */ = {
			isa = XCBuildConfiguration;
			buildSettings = {
				ALWAYS_SEARCH_USER_PATHS = NO;
				CLANG_ANALYZER_NONNULL = YES;
				CLANG_ANALYZER_NUMBER_OBJECT_CONVERSION = YES_AGGRESSIVE;
				CLANG_CXX_LANGUAGE_STANDARD = "gnu++0x";
				CLANG_CXX_LIBRARY = "libc++";
				CLANG_ENABLE_MODULES = YES;
				CLANG_ENABLE_OBJC_ARC = YES;
				CLANG_WARN_BOOL_CONVERSION = YES;
				CLANG_WARN_CONSTANT_CONVERSION = YES;
				CLANG_WARN_DIRECT_OBJC_ISA_USAGE = YES_ERROR;
				CLANG_WARN_DOCUMENTATION_COMMENTS = YES;
				CLANG_WARN_EMPTY_BODY = YES;
				CLANG_WARN_ENUM_CONVERSION = YES;
				CLANG_WARN_INFINITE_RECURSION = YES;
				CLANG_WARN_INT_CONVERSION = YES;
				CLANG_WARN_OBJC_ROOT_CLASS = YES_ERROR;
				CLANG_WARN_SUSPICIOUS_MOVE = YES;
				CLANG_WARN_UNREACHABLE_CODE = YES;
				CLANG_WARN__DUPLICATE_METHOD_MATCH = YES;
				"CODE_SIGN_IDENTITY[sdk=iphoneos*]" = "iPhone Developer";
				COPY_PHASE_STRIP = NO;
				DEBUG_INFORMATION_FORMAT = "dwarf-with-dsym";
				ENABLE_NS_ASSERTIONS = NO;
				ENABLE_STRICT_OBJC_MSGSEND = YES;
				GCC_C_LANGUAGE_STANDARD = gnu99;
				GCC_NO_COMMON_BLOCKS = YES;
				GCC_WARN_64_TO_32_BIT_CONVERSION = YES;
				GCC_WARN_ABOUT_RETURN_TYPE = YES_ERROR;
				GCC_WARN_UNDECLARED_SELECTOR = YES;
				GCC_WARN_UNINITIALIZED_AUTOS = YES_AGGRESSIVE;
				GCC_WARN_UNUSED_FUNCTION = YES;
				GCC_WARN_UNUSED_VARIABLE = YES;
				IPHONEOS_DEPLOYMENT_TARGET = 10.3;
				MTL_ENABLE_DEBUG_INFO = NO;
				SDKROOT = iphoneos;
				SWIFT_OPTIMIZATION_LEVEL = "-Owholemodule";
				TARGETED_DEVICE_FAMILY = "1,2";
				VALIDATE_PRODUCT = YES;
			};
			name = Release;
		};
		6CAF9D0A1F092520009787BE /* Debug */ = {
			isa = XCBuildConfiguration;
			baseConfigurationReference = 9D3314ABF3619E9A829AB92E /* Pods-texas.debug.xcconfig */;
			buildSettings = {
				ASSETCATALOG_COMPILER_APPICON_NAME = AppIcon;
				DEVELOPMENT_TEAM = V7QHHUD2M5;
				INFOPLIST_FILE = texas/Info.plist;
				IPHONEOS_DEPLOYMENT_TARGET = 10.0;
				LD_RUNPATH_SEARCH_PATHS = "$(inherited) @executable_path/Frameworks";
				PRODUCT_BUNDLE_IDENTIFIER = com.texasholdem.www.texas;
				PRODUCT_NAME = "$(TARGET_NAME)";
				SWIFT_VERSION = 3.0;
				TARGETED_DEVICE_FAMILY = 1;
			};
			name = Debug;
		};
		6CAF9D0B1F092520009787BE /* Release */ = {
			isa = XCBuildConfiguration;
			baseConfigurationReference = 318C1DA049DDA0A37F818FC0 /* Pods-texas.release.xcconfig */;
			buildSettings = {
				ASSETCATALOG_COMPILER_APPICON_NAME = AppIcon;
				DEVELOPMENT_TEAM = V7QHHUD2M5;
				INFOPLIST_FILE = texas/Info.plist;
				IPHONEOS_DEPLOYMENT_TARGET = 10.0;
				LD_RUNPATH_SEARCH_PATHS = "$(inherited) @executable_path/Frameworks";
				PRODUCT_BUNDLE_IDENTIFIER = com.texasholdem.www.texas;
				PRODUCT_NAME = "$(TARGET_NAME)";
				SWIFT_VERSION = 3.0;
				TARGETED_DEVICE_FAMILY = 1;
			};
			name = Release;
		};
		6CAF9D0D1F092520009787BE /* Debug */ = {
			isa = XCBuildConfiguration;
			baseConfigurationReference = 8B9574C853BBB435666BD588 /* Pods-texasTests.debug.xcconfig */;
			buildSettings = {
				ALWAYS_EMBED_SWIFT_STANDARD_LIBRARIES = YES;
				BUNDLE_LOADER = "$(TEST_HOST)";
				INFOPLIST_FILE = texasTests/Info.plist;
				LD_RUNPATH_SEARCH_PATHS = "$(inherited) @executable_path/Frameworks @loader_path/Frameworks";
				PRODUCT_BUNDLE_IDENTIFIER = com.texasholdem.www.texasTests;
				PRODUCT_NAME = "$(TARGET_NAME)";
				SWIFT_VERSION = 3.0;
				TEST_HOST = "$(BUILT_PRODUCTS_DIR)/texas.app/texas";
			};
			name = Debug;
		};
		6CAF9D0E1F092520009787BE /* Release */ = {
			isa = XCBuildConfiguration;
			baseConfigurationReference = C729EE6101CFF5F88885917C /* Pods-texasTests.release.xcconfig */;
			buildSettings = {
				ALWAYS_EMBED_SWIFT_STANDARD_LIBRARIES = YES;
				BUNDLE_LOADER = "$(TEST_HOST)";
				INFOPLIST_FILE = texasTests/Info.plist;
				LD_RUNPATH_SEARCH_PATHS = "$(inherited) @executable_path/Frameworks @loader_path/Frameworks";
				PRODUCT_BUNDLE_IDENTIFIER = com.texasholdem.www.texasTests;
				PRODUCT_NAME = "$(TARGET_NAME)";
				SWIFT_VERSION = 3.0;
				TEST_HOST = "$(BUILT_PRODUCTS_DIR)/texas.app/texas";
			};
			name = Release;
		};
		6CAF9D101F092520009787BE /* Debug */ = {
			isa = XCBuildConfiguration;
			baseConfigurationReference = 37C2675F7989A0544110286C /* Pods-texasUITests.debug.xcconfig */;
			buildSettings = {
				ALWAYS_EMBED_SWIFT_STANDARD_LIBRARIES = YES;
				INFOPLIST_FILE = texasUITests/Info.plist;
				LD_RUNPATH_SEARCH_PATHS = "$(inherited) @executable_path/Frameworks @loader_path/Frameworks";
				PRODUCT_BUNDLE_IDENTIFIER = com.texasholdem.www.texasUITests;
				PRODUCT_NAME = "$(TARGET_NAME)";
				SWIFT_VERSION = 3.0;
				TEST_TARGET_NAME = texas;
			};
			name = Debug;
		};
		6CAF9D111F092520009787BE /* Release */ = {
			isa = XCBuildConfiguration;
			baseConfigurationReference = A007E53CDBEAB88D85E96CD5 /* Pods-texasUITests.release.xcconfig */;
			buildSettings = {
				ALWAYS_EMBED_SWIFT_STANDARD_LIBRARIES = YES;
				INFOPLIST_FILE = texasUITests/Info.plist;
				LD_RUNPATH_SEARCH_PATHS = "$(inherited) @executable_path/Frameworks @loader_path/Frameworks";
				PRODUCT_BUNDLE_IDENTIFIER = com.texasholdem.www.texasUITests;
				PRODUCT_NAME = "$(TARGET_NAME)";
				SWIFT_VERSION = 3.0;
				TEST_TARGET_NAME = texas;
			};
			name = Release;
		};
/* End XCBuildConfiguration section */

/* Begin XCConfigurationList section */
		6CAF9CDC1F092520009787BE /* Build configuration list for PBXProject "texas" */ = {
			isa = XCConfigurationList;
			buildConfigurations = (
				6CAF9D071F092520009787BE /* Debug */,
				6CAF9D081F092520009787BE /* Release */,
			);
			defaultConfigurationIsVisible = 0;
			defaultConfigurationName = Release;
		};
		6CAF9D091F092520009787BE /* Build configuration list for PBXNativeTarget "texas" */ = {
			isa = XCConfigurationList;
			buildConfigurations = (
				6CAF9D0A1F092520009787BE /* Debug */,
				6CAF9D0B1F092520009787BE /* Release */,
			);
			defaultConfigurationIsVisible = 0;
			defaultConfigurationName = Release;
		};
		6CAF9D0C1F092520009787BE /* Build configuration list for PBXNativeTarget "texasTests" */ = {
			isa = XCConfigurationList;
			buildConfigurations = (
				6CAF9D0D1F092520009787BE /* Debug */,
				6CAF9D0E1F092520009787BE /* Release */,
			);
			defaultConfigurationIsVisible = 0;
			defaultConfigurationName = Release;
		};
		6CAF9D0F1F092520009787BE /* Build configuration list for PBXNativeTarget "texasUITests" */ = {
			isa = XCConfigurationList;
			buildConfigurations = (
				6CAF9D101F092520009787BE /* Debug */,
				6CAF9D111F092520009787BE /* Release */,
			);
			defaultConfigurationIsVisible = 0;
			defaultConfigurationName = Release;
		};
/* End XCConfigurationList section */

/* Begin XCVersionGroup section */
		05953D221F0B3FF40031D4BF /* TexasDataModel.xcdatamodeld */ = {
			isa = XCVersionGroup;
			children = (
				05953D231F0B3FF40031D4BF /* TexasDataModel.xcdatamodel */,
			);
			currentVersion = 05953D231F0B3FF40031D4BF /* TexasDataModel.xcdatamodel */;
			path = TexasDataModel.xcdatamodeld;
			sourceTree = "<group>";
			versionGroupType = wrapper.xcdatamodel;
		};
/* End XCVersionGroup section */
	};
	rootObject = 6CAF9CD91F092520009787BE /* Project object */;
}
